
Microsoft Visual Studio Solution File, Format Version 12.00
# Visual Studio 15
VisualStudioVersion = 15.0.26730.16
MinimumVisualStudioVersion = 10.0.40219.1
Project("{FAE04EC0-301F-11D3-BF4B-00C04F79EFBC}") = "WebApplication5", "WebApplication5\WebApplication5.csproj", "{B781E889-F470-45B7-BDD7-A7DF371DF914}"
EndProject
Global
	GlobalSection(SolutionConfigurationPlatforms) = preSolution
		Debug|Any CPU = Debug|Any CPU
		Release|Any CPU = Release|Any CPU
	EndGlobalSection
	GlobalSection(ProjectConfigurationPlatforms) = postSolution
		{B781E889-F470-45B7-BDD7-A7DF371DF914}.Debug|Any CPU.ActiveCfg = Debug|Any CPU
		{B781E889-F470-45B7-BDD7-A7DF371DF914}.Debug|Any CPU.Build.0 = Debug|Any CPU
		{B781E889-F470-45B7-BDD7-A7DF371DF914}.Release|Any CPU.ActiveCfg = Release|Any CPU
		{B781E889-F470-45B7-BDD7-A7DF371DF914}.Release|Any CPU.Build.0 = Release|Any CPU
	EndGlobalSection
	GlobalSection(SolutionProperties) = preSolution
		HideSolutionNode = FALSE
	EndGlobalSection
	GlobalSection(ExtensibilityGlobals) = postSolution
		SolutionGuid = {EE2CF934-59B3-4801-A4AB-E80EF9B48F24}
	EndGlobalSection
EndGlobal
